lockfileVersion: '9.0'

settings:
  autoInstallPeers: true
  excludeLinksFromLockfile: false

importers:

  .:
    devDependencies:
      '@gplassard/projen-extensions':
        specifier: ^0.0.125
        version: 0.0.125(constructs@10.3.0)(projen@0.90.0(constructs@10.3.0))
      projen:
        specifier: ^0.90.0
        version: 0.90.0(constructs@10.3.0)

packages:

  '@gplassard/projen-extensions@0.0.125':
    resolution: {integrity: sha512-Ajmg5GDaOhlQ2KVAdn7m+eO9z/uKAo44tgTyRKgvKmUEIGdgt6vv5ch/AYqqia5Q0IQ5rz8sxHX+1n4Nzye1OQ==, tarball: https://npm.pkg.github.com/download/@gplassard/projen-extensions/0.0.125/ed1af0cd95aae6de836a289588067f78f290cb3e}
    peerDependencies:
      constructs: ^10.4.2
      projen: ^0.90.0

  constructs@10.3.0:
    resolution: {integrity: sha512-vbK8i3rIb/xwZxSpTjz3SagHn1qq9BChLEfy5Hf6fB3/2eFbrwt2n9kHwQcS0CPTRBesreeAcsJfMq2229FnbQ==}
    engines: {node: '>= 16.14.0'}

  projen@0.90.0:
    resolution: {integrity: sha512-klJXSriGl/w+9Gj22vNenq8DjMBIscaOArt0aSTtPjeZyb5s0OSrDF0ALSzlLfz4x7dT8jRB2C8sb9tuuR/sUA==}
    engines: {node: '>= 16.0.0'}
    hasBin: true
    peerDependencies:
      constructs: ^10.0.0
    bundledDependencies:
      - '@iarna/toml'
      - case
      - chalk
      - comment-json
      - conventional-changelog-config-spec
      - fast-json-patch
      - glob
      - ini
      - semver
      - shx
      - xmlbuilder2
      - yaml
      - yargs

snapshots:

  '@gplassard/projen-extensions@0.0.125(constructs@10.3.0)(projen@0.90.0(constructs@10.3.0))':
    dependencies:
      constructs: 10.3.0
      projen: 0.90.0(constructs@10.3.0)

  constructs@10.3.0: {}

  projen@0.90.0(constructs@10.3.0):
    dependencies:
      constructs: 10.3.0
