lockfileVersion: '9.0'

settings:
  autoInstallPeers: true
  excludeLinksFromLockfile: false

importers:

  .:
    devDependencies:
      '@gplassard/projen-extensions':
        specifier: ^0.1.73
        version: 0.1.73(constructs@10.3.0)(projen@0.103.15(constructs@10.3.0))
      projen:
        specifier: ^0.103.15
        version: 0.103.15(constructs@10.3.0)

packages:

  '@gplassard/projen-extensions@0.1.73':
    resolution: {integrity: sha512-1fpOG+FlEqUnkx1fKKLIfZS38Hro9YbRcOdhHFwPdl/Bfd1u9MZS6lJANkbetl8F5kXOGjxwAPqrIYey9qtHLg==, tarball: https://npm.pkg.github.com/download/@gplassard/projen-extensions/0.1.73/0b9925be7fdc9f9a76a02ae22df8345f47057267}
    peerDependencies:
      constructs: ^10.8.1
      projen: ^0.99.70

  constructs@10.3.0:
    resolution: {integrity: sha512-vbK8i3rIb/xwZxSpTjz3SagHn1qq9BChLEfy5Hf6fB3/2eFbrwt2n9kHwQcS0CPTRBesreeAcsJfMq2229FnbQ==}
    engines: {node: '>= 16.14.0'}

  projen@0.103.15:
    resolution: {integrity: sha512-7L9ubnWJlwz/BXk2Whv0AvX+YNM3pnHrzFj5Ethw0m1CQcU3dotqmqFxfy5CrfWkK/4Y+wfTELJOZjvKQenjFA==}
    engines: {node: '>= 16.0.0'}
    hasBin: true
    peerDependencies:
      constructs: ^10.5.0
    bundledDependencies:
      - '@iarna/toml'
      - case
      - chalk
      - comment-json
      - conventional-changelog-config-spec
      - dax
      - fast-glob
      - fast-json-patch
      - ini
      - parse-conflict-json
      - properties-file
      - semver
      - xmlbuilder2
      - yaml
      - yargs

snapshots:

  '@gplassard/projen-extensions@0.1.73(constructs@10.3.0)(projen@0.103.15(constructs@10.3.0))':
    dependencies:
      constructs: 10.3.0
      projen: 0.103.15(constructs@10.3.0)

  constructs@10.3.0: {}

  projen@0.103.15(constructs@10.3.0):
    dependencies:
      constructs: 10.3.0
