lockfileVersion: '9.0'

settings:
  autoInstallPeers: true
  excludeLinksFromLockfile: false

importers:

  .:
    devDependencies:
      '@gplassard/projen-extensions':
        specifier: ^0.1.74
        version: 0.1.74(constructs@10.8.1)(projen@0.103.25(constructs@10.8.1))
      projen:
        specifier: ^0.103.25
        version: 0.103.25(constructs@10.8.1)

packages:

  '@gplassard/projen-extensions@0.1.74':
    resolution: {integrity: sha512-G0bjjhwpa8UIfKGBNaPrpqbCHFEyOL10cUiTGMPe68kVKjbFcF+NcpiMYUA7dcXWEuXrN43sWG28vJoEz2OasA==, tarball: https://npm.pkg.github.com/download/@gplassard/projen-extensions/0.1.74/2b556395124de70b1f55f453e9264062e28acc52}
    peerDependencies:
      constructs: ^10.8.1
      projen: ^0.99.70

  constructs@10.8.1:
    resolution: {integrity: sha512-98yGXYyhePqPYh3cYu8nzBERmAhC0DONe3UD03okK0nehZ7hYP4wgZuf02a04+uOWxnTJ5Rpp5m0GRNpwyLGGA==}

  projen@0.103.25:
    resolution: {integrity: sha512-JYSitllYzFnRcZgMoSL6rTtCry7iZKV+Wqztn1aSf24aqi+rYz0lh/ExiJ1mYXI54DQJe2JkzY8OXSkDxpIG3Q==}
    engines: {node: '>= 16.0.0'}
    hasBin: true
    peerDependencies:
      constructs: ^10.5.0
    bundledDependencies:
      - '@iarna/toml'
      - case
      - chalk
      - comment-json
      - conventional-changelog-config-spec
      - dax
      - fast-glob
      - fast-json-patch
      - ini
      - parse-conflict-json
      - properties-file
      - semver
      - xmlbuilder2
      - yaml
      - yargs

snapshots:

  '@gplassard/projen-extensions@0.1.74(constructs@10.8.1)(projen@0.103.25(constructs@10.8.1))':
    dependencies:
      constructs: 10.8.1
      projen: 0.103.25(constructs@10.8.1)

  constructs@10.8.1: {}

  projen@0.103.25(constructs@10.8.1):
    dependencies:
      constructs: 10.8.1
